// !$*UTF8*$!
{
	archiveVersion = 1;
	classes = {
	};
	objectVersion = 48;
	objects = {

/* Begin PBXBuildFile section */
		321368902078FDD80001F918 /* GameData.swift in Sources */ = {isa = PBXBuildFile; fileRef = 3213688F2078FDD80001F918 /* GameData.swift */; };
		324F4757204459E700F6CAC2 /* MenuScene.sks in Resources */ = {isa = PBXBuildFile; fileRef = 324F4756204459E700F6CAC2 /* MenuScene.sks */; };
		3259CC5B20757F4D007DB4AB /* Fireball.swift in Sources */ = {isa = PBXBuildFile; fileRef = 3259CC5A20757F4D007DB4AB /* Fireball.swift */; };
		3259CC5D2075805E007DB4AB /* FireballCollectionViewCell.swift in Sources */ = {isa = PBXBuildFile; fileRef = 3259CC5C2075805E007DB4AB /* FireballCollectionViewCell.swift */; };
		3259CC5F207588A7007DB4AB /* FireballController.swift in Sources */ = {isa = PBXBuildFile; fileRef = 3259CC5E207588A7007DB4AB /* FireballController.swift */; };
		327F7E2B202A07D000648D52 /* GameOverScene.sks in Resources */ = {isa = PBXBuildFile; fileRef = 327F7E2A202A07D000648D52 /* GameOverScene.sks */; };
		327F7E2D202A098900648D52 /* GameOverScene.swift in Sources */ = {isa = PBXBuildFile; fileRef = 327F7E2C202A098900648D52 /* GameOverScene.swift */; };
		3288A803205089E400EEDBD8 /* ShopController.storyboard in Resources */ = {isa = PBXBuildFile; fileRef = 3288A802205089E400EEDBD8 /* ShopController.storyboard */; };
		32D02ADF2057F92A001B0359 /* ShopController.swift in Sources */ = {isa = PBXBuildFile; fileRef = 32D02ADE2057F92A001B0359 /* ShopController.swift */; };
		32D02AE12057FE3F001B0359 /* ShopCollectionViewCell.swift in Sources */ = {isa = PBXBuildFile; fileRef = 32D02AE02057FE3F001B0359 /* ShopCollectionViewCell.swift */; };
		32D02AE720580E0E001B0359 /* Ship.swift in Sources */ = {isa = PBXBuildFile; fileRef = 32D02AE620580E0E001B0359 /* Ship.swift */; };
		32D8E8DA2023419D00D6B384 /* AppDelegate.swift in Sources */ = {isa = PBXBuildFile; fileRef = 32D8E8D92023419D00D6B384 /* AppDelegate.swift */; };
		32D8E8DC2023419D00D6B384 /* GameScene.sks in Resources */ = {isa = PBXBuildFile; fileRef = 32D8E8DB2023419D00D6B384 /* GameScene.sks */; };
		32D8E8DE2023419D00D6B384 /* Actions.sks in Resources */ = {isa = PBXBuildFile; fileRef = 32D8E8DD2023419D00D6B384 /* Actions.sks */; };
		32D8E8E02023419D00D6B384 /* GameScene.swift in Sources */ = {isa = PBXBuildFile; fileRef = 32D8E8DF2023419D00D6B384 /* GameScene.swift */; };
		32D8E8E22023419D00D6B384 /* GameViewController.swift in Sources */ = {isa = PBXBuildFile; fileRef = 32D8E8E12023419D00D6B384 /* GameViewController.swift */; };
		32D8E8E52023419D00D6B384 /* GameViewController.storyboard in Resources */ = {isa = PBXBuildFile; fileRef = 32D8E8E32023419D00D6B384 /* GameViewController.storyboard */; };
		32D8E8EA2023419D00D6B384 /* LaunchScreen.storyboard in Resources */ = {isa = PBXBuildFile; fileRef = 32D8E8E82023419D00D6B384 /* LaunchScreen.storyboard */; };
		32D8E8F32023436900D6B384 /* explosion.mp3 in Resources */ = {isa = PBXBuildFile; fileRef = 32D8E8F12023436900D6B384 /* explosion.mp3 */; };
		32D8E8F42023436900D6B384 /* fireball.mp3 in Resources */ = {isa = PBXBuildFile; fileRef = 32D8E8F22023436900D6B384 /* fireball.mp3 */; };
		32D8E8F92023444B00D6B384 /* Explosion.sks in Resources */ = {isa = PBXBuildFile; fileRef = 32D8E8F72023444A00D6B384 /* Explosion.sks */; };
		32D8E8FA2023444B00D6B384 /* Starfield.sks in Resources */ = {isa = PBXBuildFile; fileRef = 32D8E8F82023444B00D6B384 /* Starfield.sks */; };
		32E321E32023B737005C19F4 /* spark.png in Resources */ = {isa = PBXBuildFile; fileRef = 32E321E22023B737005C19F4 /* spark.png */; };
		32E8664E204C3F8800B9852A /* MenuScene.swift in Sources */ = {isa = PBXBuildFile; fileRef = 32E8664D204C3F8800B9852A /* MenuScene.swift */; };
		32E8C60F2075976600963E93 /* Assets.xcassets in Resources */ = {isa = PBXBuildFile; fileRef = 32E8C60E2075976600963E93 /* Assets.xcassets */; };
/* End PBXBuildFile section */

/* Begin PBXFileReference section */
		3213688F2078FDD80001F918 /* GameData.swift */ = {isa = PBXFileReference; lastKnownFileType = sourcecode.swift; path = GameData.swift; sourceTree = "<group>"; };
		324F4756204459E700F6CAC2 /* MenuScene.sks */ = {isa = PBXFileReference; lastKnownFileType = file.sks; path = MenuScene.sks; sourceTree = "<group>"; };
		3259CC5A20757F4D007DB4AB /* Fireball.swift */ = {isa = PBXFileReference; lastKnownFileType = sourcecode.swift; path = Fireball.swift; sourceTree = "<group>"; };
		3259CC5C2075805E007DB4AB /* FireballCollectionViewCell.swift */ = {isa = PBXFileReference; lastKnownFileType = sourcecode.swift; path = FireballCollectionViewCell.swift; sourceTree = "<group>"; };
		3259CC5E207588A7007DB4AB /* FireballController.swift */ = {isa = PBXFileReference; lastKnownFileType = sourcecode.swift; path = FireballController.swift; sourceTree = "<group>"; };
		327F7E2A202A07D000648D52 /* GameOverScene.sks */ = {isa = PBXFileReference; lastKnownFileType = file.sks; name = GameOverScene.sks; path = Spacegame/GameOverScene.sks; sourceTree = SOURCE_ROOT; };
		327F7E2C202A098900648D52 /* GameOverScene.swift */ = {isa = PBXFileReference; lastKnownFileType = sourcecode.swift; name = GameOverScene.swift; path = Spacegame/GameOverScene.swift; sourceTree = SOURCE_ROOT; };
		3288A802205089E400EEDBD8 /* ShopController.storyboard */ = {isa = PBXFileReference; lastKnownFileType = file.storyboard; path = ShopController.storyboard; sourceTree = "<group>"; };
		32D02ADE2057F92A001B0359 /* ShopController.swift */ = {isa = PBXFileReference; lastKnownFileType = sourcecode.swift; path = ShopController.swift; sourceTree = "<group>"; };
		32D02AE02057FE3F001B0359 /* ShopCollectionViewCell.swift */ = {isa = PBXFileReference; lastKnownFileType = sourcecode.swift; path = ShopCollectionViewCell.swift; sourceTree = "<group>"; };
		32D02AE620580E0E001B0359 /* Ship.swift */ = {isa = PBXFileReference; lastKnownFileType = sourcecode.swift; path = Ship.swift; sourceTree = "<group>"; };
		32D8E8D62023419D00D6B384 /* Spacegame.app */ = {isa = PBXFileReference; explicitFileType = wrapper.application; includeInIndex = 0; path = Spacegame.app; sourceTree = BUILT_PRODUCTS_DIR; };
		32D8E8D92023419D00D6B384 /* AppDelegate.swift */ = {isa = PBXFileReference; lastKnownFileType = sourcecode.swift; path = AppDelegate.swift; sourceTree = "<group>"; };
		32D8E8DB2023419D00D6B384 /* GameScene.sks */ = {isa = PBXFileReference; lastKnownFileType = file.sks; path = GameScene.sks; sourceTree = "<group>"; };
		32D8E8DD2023419D00D6B384 /* Actions.sks */ = {isa = PBXFileReference; lastKnownFileType = file.sks; path = Actions.sks; sourceTree = "<group>"; };
		32D8E8DF2023419D00D6B384 /* GameScene.swift */ = {isa = PBXFileReference; lastKnownFileType = sourcecode.swift; path = GameScene.swift; sourceTree = "<group>"; };
		32D8E8E12023419D00D6B384 /* GameViewController.swift */ = {isa = PBXFileReference; lastKnownFileType = sourcecode.swift; path = GameViewController.swift; sourceTree = "<group>"; };
		32D8E8E42023419D00D6B384 /* Base */ = {isa = PBXFileReference; lastKnownFileType = file.storyboard; name = Base; path = Base.lproj/GameViewController.storyboard; sourceTree = "<group>"; };
		32D8E8E92023419D00D6B384 /* Base */ = {isa = PBXFileReference; lastKnownFileType = file.storyboard; name = Base; path = Base.lproj/LaunchScreen.storyboard; sourceTree = "<group>"; };
		32D8E8EB2023419D00D6B384 /* Info.plist */ = {isa = PBXFileReference; lastKnownFileType = text.plist.xml; path = Info.plist; sourceTree = "<group>"; };
		32D8E8F12023436900D6B384 /* explosion.mp3 */ = {isa = PBXFileReference; lastKnownFileType = audio.mp3; path = explosion.mp3; sourceTree = "<group>"; };
		32D8E8F22023436900D6B384 /* fireball.mp3 */ = {isa = PBXFileReference; lastKnownFileType = audio.mp3; path = fireball.mp3; sourceTree = "<group>"; };
		32D8E8F72023444A00D6B384 /* Explosion.sks */ = {isa = PBXFileReference; lastKnownFileType = file.sks; path = Explosion.sks; sourceTree = "<group>"; };
		32D8E8F82023444B00D6B384 /* Starfield.sks */ = {isa = PBXFileReference; lastKnownFileType = file.sks; path = Starfield.sks; sourceTree = "<group>"; };
		32E321E22023B737005C19F4 /* spark.png */ = {isa = PBXFileReference; lastKnownFileType = image.png; path = spark.png; sourceTree = "<group>"; };
		32E8664D204C3F8800B9852A /* MenuScene.swift */ = {isa = PBXFileReference; fileEncoding = 4; lastKnownFileType = sourcecode.swift; path = MenuScene.swift; sourceTree = "<group>"; };
		32E8C60E2075976600963E93 /* Assets.xcassets */ = {isa = PBXFileReference; lastKnownFileType = folder.assetcatalog; path = Assets.xcassets; sourceTree = "<group>"; };
/* End PBXFileReference section */

/* Begin PBXFrameworksBuildPhase section */
		32D8E8D32023419D00D6B384 /* Frameworks */ = {
			isa = PBXFrameworksBuildPhase;
			buildActionMask = 2147483647;
			files = (
			);
			runOnlyForDeploymentPostprocessing = 0;
		};
/* End PBXFrameworksBuildPhase section */

/* Begin PBXGroup section */
		323D0AEF2023D621007EC6E2 /* Menu */ = {
			isa = PBXGroup;
			children = (
				324F4756204459E700F6CAC2 /* MenuScene.sks */,
				32E8664D204C3F8800B9852A /* MenuScene.swift */,
			);
			path = Menu;
			sourceTree = "<group>";
		};
		323D0AF52023EA39007EC6E2 /* GameOver */ = {
			isa = PBXGroup;
			children = (
				327F7E2A202A07D000648D52 /* GameOverScene.sks */,
				327F7E2C202A098900648D52 /* GameOverScene.swift */,
			);
			path = GameOver;
			sourceTree = "<group>";
		};
		324B113B204C34BA0079145D /* Shop */ = {
			isa = PBXGroup;
			children = (
				3288A802205089E400EEDBD8 /* ShopController.storyboard */,
				3259CC5E207588A7007DB4AB /* FireballController.swift */,
				32D02AE02057FE3F001B0359 /* ShopCollectionViewCell.swift */,
				3259CC5C2075805E007DB4AB /* FireballCollectionViewCell.swift */,
				32D02ADE2057F92A001B0359 /* ShopController.swift */,
				32D02AE620580E0E001B0359 /* Ship.swift */,
				3259CC5A20757F4D007DB4AB /* Fireball.swift */,
			);
			path = Shop;
			sourceTree = "<group>";
		};
		32D8E8CD2023419D00D6B384 = {
			isa = PBXGroup;
			children = (
				32D8E8D82023419D00D6B384 /* Spacegame */,
				32D8E8D72023419D00D6B384 /* Products */,
			);
			sourceTree = "<group>";
		};
		32D8E8D72023419D00D6B384 /* Products */ = {
			isa = PBXGroup;
			children = (
				32D8E8D62023419D00D6B384 /* Spacegame.app */,
			);
			name = Products;
			sourceTree = "<group>";
		};
		32D8E8D82023419D00D6B384 /* Spacegame */ = {
			isa = PBXGroup;
			children = (
				3213688F2078FDD80001F918 /* GameData.swift */,
				323D0AEF2023D621007EC6E2 /* Menu */,
				32E321DB2023B159005C19F4 /* Game */,
				323D0AF52023EA39007EC6E2 /* GameOver */,
				324B113B204C34BA0079145D /* Shop */,
				32D8E8D92023419D00D6B384 /* AppDelegate.swift */,
				32D8E8E12023419D00D6B384 /* GameViewController.swift */,
				32D8E8DD2023419D00D6B384 /* Actions.sks */,
				32D8E8E32023419D00D6B384 /* GameViewController.storyboard */,
				32E321DC2023B1F4005C19F4 /* Emitters */,
				32E321DD2023B225005C19F4 /* Sounds */,
				32D8E8E82023419D00D6B384 /* LaunchScreen.storyboard */,
				32E8C60E2075976600963E93 /* Assets.xcassets */,
				32D8E8EB2023419D00D6B384 /* Info.plist */,
			);
			path = Spacegame;
			sourceTree = "<group>";
		};
		32E321DB2023B159005C19F4 /* Game */ = {
			isa = PBXGroup;
			children = (
				32D8E8DB2023419D00D6B384 /* GameScene.sks */,
				32D8E8DF2023419D00D6B384 /* GameScene.swift */,
			);
			path = Game;
			sourceTree = "<group>";
		};
		32E321DC2023B1F4005C19F4 /* Emitters */ = {
			isa = PBXGroup;
			children = (
				32E321E22023B737005C19F4 /* spark.png */,
				32D8E8F72023444A00D6B384 /* Explosion.sks */,
				32D8E8F82023444B00D6B384 /* Starfield.sks */,
			);
			path = Emitters;
			sourceTree = "<group>";
		};
		32E321DD2023B225005C19F4 /* Sounds */ = {
			isa = PBXGroup;
			children = (
				32D8E8F12023436900D6B384 /* explosion.mp3 */,
				32D8E8F22023436900D6B384 /* fireball.mp3 */,
			);
			path = Sounds;
			sourceTree = "<group>";
		};
/* End PBXGroup section */

/* Begin PBXNativeTarget section */
		32D8E8D52023419D00D6B384 /* Spacegame */ = {
			isa = PBXNativeTarget;
			buildConfigurationList = 32D8E8EE2023419D00D6B384 /* Build configuration list for PBXNativeTarget "Spacegame" */;
			buildPhases = (
				32D8E8D22023419D00D6B384 /* Sources */,
				32D8E8D32023419D00D6B384 /* Frameworks */,
				32D8E8D42023419D00D6B384 /* Resources */,
			);
			buildRules = (
			);
			dependencies = (
			);
			name = Spacegame;
			productName = Spacegame;
			productReference = 32D8E8D62023419D00D6B384 /* Spacegame.app */;
			productType = "com.apple.product-type.application";
		};
/* End PBXNativeTarget section */

/* Begin PBXProject section */
		32D8E8CE2023419D00D6B384 /* Project object */ = {
			isa = PBXProject;
			attributes = {
				LastSwiftUpdateCheck = 0920;
				LastUpgradeCheck = 0930;
				ORGANIZATIONNAME = MaestroDavo;
				TargetAttributes = {
					32D8E8D52023419D00D6B384 = {
						CreatedOnToolsVersion = 9.2;
						ProvisioningStyle = Automatic;
					};
				};
			};
			buildConfigurationList = 32D8E8D12023419D00D6B384 /* Build configuration list for PBXProject "Spacegame" */;
			compatibilityVersion = "Xcode 8.0";
			developmentRegion = en;
			hasScannedForEncodings = 0;
			knownRegions = (
				en,
				Base,
			);
			mainGroup = 32D8E8CD2023419D00D6B384;
			productRefGroup = 32D8E8D72023419D00D6B384 /* Products */;
			projectDirPath = "";
			projectRoot = "";
			targets = (
				32D8E8D52023419D00D6B384 /* Spacegame */,
			);
		};
/* End PBXProject section */

/* Begin PBXResourcesBuildPhase section */
		32D8E8D42023419D00D6B384 /* Resources */ = {
			isa = PBXResourcesBuildPhase;
			buildActionMask = 2147483647;
			files = (
				32E321E32023B737005C19F4 /* spark.png in Resources */,
				32D8E8F42023436900D6B384 /* fireball.mp3 in Resources */,
				32D8E8F32023436900D6B384 /* explosion.mp3 in Resources */,
				32D8E8E52023419D00D6B384 /* GameViewController.storyboard in Resources */,
				3288A803205089E400EEDBD8 /* ShopController.storyboard in Resources */,
				327F7E2B202A07D000648D52 /* GameOverScene.sks in Resources */,
				32E8C60F2075976600963E93 /* Assets.xcassets in Resources */,
				32D8E8DC2023419D00D6B384 /* GameScene.sks in Resources */,
				324F4757204459E700F6CAC2 /* MenuScene.sks in Resources */,
				32D8E8F92023444B00D6B384 /* Explosion.sks in Resources */,
				32D8E8FA2023444B00D6B384 /* Starfield.sks in Resources */,
				32D8E8EA2023419D00D6B384 /* LaunchScreen.storyboard in Resources */,
				32D8E8DE2023419D00D6B384 /* Actions.sks in Resources */,
			);
			runOnlyForDeploymentPostprocessing = 0;
		};
/* End PBXResourcesBuildPhase section */

/* Begin PBXSourcesBuildPhase section */
		32D8E8D22023419D00D6B384 /* Sources */ = {
			isa = PBXSourcesBuildPhase;
			buildActionMask = 2147483647;
			files = (
				327F7E2D202A098900648D52 /* GameOverScene.swift in Sources */,
				321368902078FDD80001F918 /* GameData.swift in Sources */,
				3259CC5B20757F4D007DB4AB /* Fireball.swift in Sources */,
				32D02AE720580E0E001B0359 /* Ship.swift in Sources */,
				32D02ADF2057F92A001B0359 /* ShopController.swift in Sources */,
				32D02AE12057FE3F001B0359 /* ShopCollectionViewCell.swift in Sources */,
				3259CC5D2075805E007DB4AB /* FireballCollectionViewCell.swift in Sources */,
				32D8E8E02023419D00D6B384 /* GameScene.swift in Sources */,
				3259CC5F207588A7007DB4AB /* FireballController.swift in Sources */,
				32E8664E204C3F8800B9852A /* MenuScene.swift in Sources */,
				32D8E8E22023419D00D6B384 /* GameViewController.swift in Sources */,
				32D8E8DA2023419D00D6B384 /* AppDelegate.swift in Sources */,
			);
			runOnlyForDeploymentPostprocessing = 0;
		};
/* End PBXSourcesBuildPhase section */

/* Begin PBXVariantGroup section */
		32D8E8E32023419D00D6B384 /* GameViewController.storyboard */ = {
			isa = PBXVariantGroup;
			children = (
				32D8E8E42023419D00D6B384 /* Base */,
			);
			name = GameViewController.storyboard;
			sourceTree = "<group>";
		};
		32D8E8E82023419D00D6B384 /* LaunchScreen.storyboard */ = {
			isa = PBXVariantGroup;
			children = (
				32D8E8E92023419D00D6B384 /* Base */,
			);
			name = LaunchScreen.storyboard;
			sourceTree = "<group>";
		};
/* End PBXVariantGroup section */

/* Begin XCBuildConfiguration section */
		32D8E8EC2023419D00D6B384 /* Debug */ = {
			isa = XCBuildConfiguration;
			buildSettings = {
				ALWAYS_SEARCH_USER_PATHS = NO;
				CLANG_ANALYZER_NONNULL = YES;
				CLANG_ANALYZER_NUMBER_OBJECT_CONVERSION = YES_AGGRESSIVE;
				CLANG_CXX_LANGUAGE_STANDARD = "gnu++14";
				CLANG_CXX_LIBRARY = "libc++";
				CLANG_ENABLE_MODULES = YES;
				CLANG_ENABLE_OBJC_ARC = YES;
				CLANG_WARN_BLOCK_CAPTURE_AUTORELEASING = YES;
				CLANG_WARN_BOOL_CONVERSION = YES;
				CLANG_WARN_COMMA = YES;
				CLANG_WARN_CONSTANT_CONVERSION = YES;
				CLANG_WARN_DEPRECATED_OBJC_IMPLEMENTATIONS = YES;
				CLANG_WARN_DIRECT_OBJC_ISA_USAGE = YES_ERROR;
				CLANG_WARN_DOCUMENTATION_COMMENTS = YES;
				CLANG_WARN_EMPTY_BODY = YES;
				CLANG_WARN_ENUM_CONVERSION = YES;
				CLANG_WARN_INFINITE_RECURSION = YES;
				CLANG_WARN_INT_CONVERSION = YES;
				CLANG_WARN_NON_LITERAL_NULL_CONVERSION = YES;
				CLANG_WARN_OBJC_IMPLICIT_RETAIN_SELF = YES;
				CLANG_WARN_OBJC_LITERAL_CONVERSION = YES;
				CLANG_WARN_OBJC_ROOT_CLASS = YES_ERROR;
				CLANG_WARN_RANGE_LOOP_ANALYSIS = YES;
				CLANG_WARN_STRICT_PROTOTYPES = YES;
				CLANG_WARN_SUSPICIOUS_MOVE = YES;
				CLANG_WARN_UNGUARDED_AVAILABILITY = YES_AGGRESSIVE;
				CLANG_WARN_UNREACHABLE_CODE = YES;
				CLANG_WARN__DUPLICATE_METHOD_MATCH = YES;
				CODE_SIGN_IDENTITY = "iPhone Developer";
				COPY_PHASE_STRIP = NO;
				DEBUG_INFORMATION_FORMAT = dwarf;
				ENABLE_STRICT_OBJC_MSGSEND = YES;
				ENABLE_TESTABILITY = YES;
				GCC_C_LANGUAGE_STANDARD = gnu11;
				GCC_DYNAMIC_NO_PIC = NO;
				GCC_NO_COMMON_BLOCKS = YES;
				GCC_OPTIMIZATION_LEVEL = 0;
				GCC_PREPROCESSOR_DEFINITIONS = (
					"DEBUG=1",
					"$(inherited)",
				);
				GCC_WARN_64_TO_32_BIT_CONVERSION = YES;
				GCC_WARN_ABOUT_RETURN_TYPE = YES_ERROR;
				GCC_WARN_UNDECLARED_SELECTOR = YES;
				GCC_WARN_UNINITIALIZED_AUTOS = YES_AGGRESSIVE;
				GCC_WARN_UNUSED_FUNCTION = YES;
				GCC_WARN_UNUSED_VARIABLE = YES;
				IPHONEOS_DEPLOYMENT_TARGET = 11.2;
				MTL_ENABLE_DEBUG_INFO = YES;
				ONLY_ACTIVE_ARCH = YES;
				SDKROOT = iphoneos;
				SWIFT_ACTIVE_COMPILATION_CONDITIONS = DEBUG;
				SWIFT_OPTIMIZATION_LEVEL = "-Onone";
			};
			name = Debug;
		};
		32D8E8ED2023419D00D6B384 /* Release */ = {
			isa = XCBuildConfiguration;
			buildSettings = {
				ALWAYS_SEARCH_USER_PATHS = NO;
				CLANG_ANALYZER_NONNULL = YES;
				CLANG_ANALYZER_NUMBER_OBJECT_CONVERSION = YES_AGGRESSIVE;
				CLANG_CXX_LANGUAGE_STANDARD = "gnu++14";
				CLANG_CXX_LIBRARY = "libc++";
				CLANG_ENABLE_MODULES = YES;
				CLANG_ENABLE_OBJC_ARC = YES;
				CLANG_WARN_BLOCK_CAPTURE_AUTORELEASING = YES;
				CLANG_WARN_BOOL_CONVERSION = YES;
				CLANG_WARN_COMMA = YES;
				CLANG_WARN_CONSTANT_CONVERSION = YES;
				CLANG_WARN_DEPRECATED_OBJC_IMPLEMENTATIONS = YES;
				CLANG_WARN_DIRECT_OBJC_ISA_USAGE = YES_ERROR;
				CLANG_WARN_DOCUMENTATION_COMMENTS = YES;
				CLANG_WARN_EMPTY_BODY = YES;
				CLANG_WARN_ENUM_CONVERSION = YES;
				CLANG_WARN_INFINITE_RECURSION = YES;
				CLANG_WARN_INT_CONVERSION = YES;
				CLANG_WARN_NON_LITERAL_NULL_CONVERSION = YES;
				CLANG_WARN_OBJC_IMPLICIT_RETAIN_SELF = YES;
				CLANG_WARN_OBJC_LITERAL_CONVERSION = YES;
				CLANG_WARN_OBJC_ROOT_CLASS = YES_ERROR;
				CLANG_WARN_RANGE_LOOP_ANALYSIS = YES;
				CLANG_WARN_STRICT_PROTOTYPES = YES;
				CLANG_WARN_SUSPICIOUS_MOVE = YES;
				CLANG_WARN_UNGUARDED_AVAILABILITY = YES_AGGRESSIVE;
				CLANG_WARN_UNREACHABLE_CODE = YES;
				CLANG_WARN__DUPLICATE_METHOD_MATCH = YES;
				CODE_SIGN_IDENTITY = "iPhone Developer";
				COPY_PHASE_STRIP = NO;
				DEBUG_INFORMATION_FORMAT = "dwarf-with-dsym";
				ENABLE_NS_ASSERTIONS = NO;
				ENABLE_STRICT_OBJC_MSGSEND = YES;
				GCC_C_LANGUAGE_STANDARD = gnu11;
				GCC_NO_COMMON_BLOCKS = YES;
				GCC_WARN_64_TO_32_BIT_CONVERSION = YES;
				GCC_WARN_ABOUT_RETURN_TYPE = YES_ERROR;
				GCC_WARN_UNDECLARED_SELECTOR = YES;
				GCC_WARN_UNINITIALIZED_AUTOS = YES_AGGRESSIVE;
				GCC_WARN_UNUSED_FUNCTION = YES;
				GCC_WARN_UNUSED_VARIABLE = YES;
				IPHONEOS_DEPLOYMENT_TARGET = 11.2;
				MTL_ENABLE_DEBUG_INFO = NO;
				SDKROOT = iphoneos;
				SWIFT_OPTIMIZATION_LEVEL = "-Owholemodule";
				VALIDATE_PRODUCT = YES;
			};
			name = Release;
		};
		32D8E8EF2023419D00D6B384 /* Debug */ = {
			isa = XCBuildConfiguration;
			buildSettings = {
				ASSETCATALOG_COMPILER_APPICON_NAME = AppIcon;
				CODE_SIGN_STYLE = Automatic;
				DEVELOPMENT_TEAM = 9D8N95GRX3;
				INFOPLIST_FILE = Spacegame/Info.plist;
				LD_RUNPATH_SEARCH_PATHS = "$(inherited) @executable_path/Frameworks";
				PRODUCT_BUNDLE_IDENTIFIER = com.maestrodavo.Spacegame;
				PRODUCT_NAME = "$(TARGET_NAME)";
				SWIFT_VERSION = 4.0;
				TARGETED_DEVICE_FAMILY = 1;
			};
			name = Debug;
		};
		32D8E8F02023419D00D6B384 /* Release */ = {
			isa = XCBuildConfiguration;
			buildSettings = {
				ASSETCATALOG_COMPILER_APPICON_NAME = AppIcon;
				CODE_SIGN_STYLE = Automatic;
				DEVELOPMENT_TEAM = 9D8N95GRX3;
				INFOPLIST_FILE = Spacegame/Info.plist;
				LD_RUNPATH_SEARCH_PATHS = "$(inherited) @executable_path/Frameworks";
				PRODUCT_BUNDLE_IDENTIFIER = com.maestrodavo.Spacegame;
				PRODUCT_NAME = "$(TARGET_NAME)";
				SWIFT_VERSION = 4.0;
				TARGETED_DEVICE_FAMILY = 1;
			};
			name = Release;
		};
/* End XCBuildConfiguration section */

/* Begin XCConfigurationList section */
		32D8E8D12023419D00D6B384 /* Build configuration list for PBXProject "Spacegame" */ = {
			isa = XCConfigurationList;
			buildConfigurations = (
				32D8E8EC2023419D00D6B384 /* Debug */,
				32D8E8ED2023419D00D6B384 /* Release */,
			);
			defaultConfigurationIsVisible = 0;
			defaultConfigurationName = Release;
		};
		32D8E8EE2023419D00D6B384 /* Build configuration list for PBXNativeTarget "Spacegame" */ = {
			isa = XCConfigurationList;
			buildConfigurations = (
				32D8E8EF2023419D00D6B384 /* Debug */,
				32D8E8F02023419D00D6B384 /* Release */,
			);
			defaultConfigurationIsVisible = 0;
			defaultConfigurationName = Release;
		};
/* End XCConfigurationList section */
	};
	rootObject = 32D8E8CE2023419D00D6B384 /* Project object */;
}
